
Microsoft Visual Studio Solution File, Format Version 12.00
# Visual Studio Version 17
VisualStudioVersion = 17.3.32825.248
MinimumVisualStudioVersion = 10.0.40219.1
Project("{9A19103F-16F7-4668-BE54-9A1E7A4F7556}") = "csconsole", "csconsole.csproj", "{51074C5F-9C34-488A-8563-CEA45476AA61}"
EndProject
Global
	GlobalSection(SolutionConfigurationPlatforms) = preSolution
		Debug|Any CPU = Debug|Any CPU
		Release|Any CPU = Release|Any CPU
	EndGlobalSection
	GlobalSection(ProjectConfigurationPlatforms) = postSolution
		{51074C5F-9C34-488A-8563-CEA45476AA61}.Debug|Any CPU.ActiveCfg = Debug|Any CPU
		{51074C5F-9C34-488A-8563-CEA45476AA61}.Debug|Any CPU.Build.0 = Debug|Any CPU
		{51074C5F-9C34-488A-8563-CEA45476AA61}.Release|Any CPU.ActiveCfg = Release|Any CPU
		{51074C5F-9C34-488A-8563-CEA45476AA61}.Release|Any CPU.Build.0 = Release|Any CPU
	EndGlobalSection
	GlobalSection(SolutionProperties) = preSolution
		HideSolutionNode = FALSE
	EndGlobalSection
	GlobalSection(ExtensibilityGlobals) = postSolution
		SolutionGuid = {F8CCA97F-928E-4BCC-96C2-16EE3343BD6C}
	EndGlobalSection
EndGlobal
