
Microsoft Visual Studio Solution File, Format Version 12.00
# Visual Studio Version 17
VisualStudioVersion = 17.3.32929.385
MinimumVisualStudioVersion = 10.0.40219.1
Project("{FAE04EC0-301F-11D3-BF4B-00C04F79EFBC}") = "WebApplication1", "WebApplication1.csproj", "{AFD42320-7F4E-40FF-A643-E00A03A3639A}"
EndProject
Global
	GlobalSection(SolutionConfigurationPlatforms) = preSolution
		Debug|Any CPU = Debug|Any CPU
		Release|Any CPU = Release|Any CPU
	EndGlobalSection
	GlobalSection(ProjectConfigurationPlatforms) = postSolution
		{AFD42320-7F4E-40FF-A643-E00A03A3639A}.Debug|Any CPU.ActiveCfg = Debug|Any CPU
		{AFD42320-7F4E-40FF-A643-E00A03A3639A}.Debug|Any CPU.Build.0 = Debug|Any CPU
		{AFD42320-7F4E-40FF-A643-E00A03A3639A}.Release|Any CPU.ActiveCfg = Release|Any CPU
		{AFD42320-7F4E-40FF-A643-E00A03A3639A}.Release|Any CPU.Build.0 = Release|Any CPU
	EndGlobalSection
	GlobalSection(SolutionProperties) = preSolution
		HideSolutionNode = FALSE
	EndGlobalSection
	GlobalSection(ExtensibilityGlobals) = postSolution
		SolutionGuid = {055D92B6-90F7-470A-8687-A80D308D7D84}
	EndGlobalSection
EndGlobal
